
Microsoft Visual Studio Solution File, Format Version 12.00
# Visual Studio Version 17
VisualStudioVersion = 17.13.35825.156 d17.13
MinimumVisualStudioVersion = 10.0.40219.1
Project("{FAE04EC0-301F-11D3-BF4B-00C04F79EFBC}") = "NorthWind.Entities", "NorthWind.Entities\NorthWind.Entities.csproj", "{7F1A5A56-7692-46BD-9880-E82023D4BA85}"
EndProject
Project("{FAE04EC0-301F-11D3-BF4B-00C04F79EFBC}") = "NorthWind.ConsoleApp", "NorthWind.ConsoleApp\NorthWind.ConsoleApp.csproj", "{A4CD0321-6648-4D00-BCAA-20C0BC0E8A19}"
EndProject
Global
	GlobalSection(SolutionConfigurationPlatforms) = preSolution
		Debug|Any CPU = Debug|Any CPU
		Release|Any CPU = Release|Any CPU
	EndGlobalSection
	GlobalSection(ProjectConfigurationPlatforms) = postSolution
		{7F1A5A56-7692-46BD-9880-E82023D4BA85}.Debug|Any CPU.ActiveCfg = Debug|Any CPU
		{7F1A5A56-7692-46BD-9880-E82023D4BA85}.Debug|Any CPU.Build.0 = Debug|Any CPU
		{7F1A5A56-7692-46BD-9880-E82023D4BA85}.Release|Any CPU.ActiveCfg = Release|Any CPU
		{7F1A5A56-7692-46BD-9880-E82023D4BA85}.Release|Any CPU.Build.0 = Release|Any CPU
		{A4CD0321-6648-4D00-BCAA-20C0BC0E8A19}.Debug|Any CPU.ActiveCfg = Debug|Any CPU
		{A4CD0321-6648-4D00-BCAA-20C0BC0E8A19}.Debug|Any CPU.Build.0 = Debug|Any CPU
		{A4CD0321-6648-4D00-BCAA-20C0BC0E8A19}.Release|Any CPU.ActiveCfg = Release|Any CPU
		{A4CD0321-6648-4D00-BCAA-20C0BC0E8A19}.Release|Any CPU.Build.0 = Release|Any CPU
	EndGlobalSection
	GlobalSection(SolutionProperties) = preSolution
		HideSolutionNode = FALSE
	EndGlobalSection
	GlobalSection(ExtensibilityGlobals) = postSolution
		SolutionGuid = {D30A8363-5F0C-45CE-98AC-9008831B7745}
	EndGlobalSection
EndGlobal
